{
  "requires": true,
  "lockfileVersion": 1,
  "dependencies": {
    "bnf-parser": {
      "version": "2.0.0",
      "resolved": "https://registry.npmjs.org/bnf-parser/-/bnf-parser-2.0.0.tgz",
      "integrity": "sha512-YpLgqff3ylE+IsvF9gIGK3VmagUYJjUBvmJNoNHD5Ci3q7fkeQ3CtUNDkQ6A6IqwZp0vq3M6gw/NtaArD+acxQ=="
    }
  }
}
