{
  "name": "@qupa/qupa",
  "version": "0.0.2",
  "lockfileVersion": 1,
  "requires": true,
  "dependencies": {
    "bnf-parser": {
      "version": "2.2.3",
      "resolved": "https://registry.npmjs.org/bnf-parser/-/bnf-parser-2.2.3.tgz",
      "integrity": "sha512-03VbipyOHJiHud8rQ83mLaGTpPDmHN1XtQGgpukaAKFGfb48MR/YAk6hscdTubXEyIohftfFj+ZfPo9IQi5olA=="
    }
  }
}
