{
  "name": "qupa",
  "version": "1.0.0",
  "lockfileVersion": 1,
  "requires": true,
  "dependencies": {
    "bnf-parser": {
      "version": "2.0.1",
      "resolved": "https://registry.npmjs.org/bnf-parser/-/bnf-parser-2.0.1.tgz",
      "integrity": "sha512-/5/eQFs3ZLg8wsLzzQHxiv/YpxP7PnGLg1wtnYwxzRFOLkdmWRfQ5KHEDLsRi8EeKT6v7FErVkeJzHfHcl3NdQ=="
    }
  }
}
